# Generated by buf. DO NOT EDIT.
version: v1
deps:
  - remote: buf.build
    owner: bufbuild
    repository: protovalidate
    commit: a6c49f84cc0f4e038680d390392e2ab0
    digest: shake256:3deb629c655e469d87c58babcfbed403275a741fb4a269366c4fd6ea9db012cf562a1e64819508d73670c506f96d01f724c43bc97b44e2e02aa6e8bbdd160ab2
